// !$*UTF8*$!
{
	archiveVersion = 1;
	classes = {
	};
	objectVersion = 56;
	objects = {

/* Begin PBXBuildFile section */
		4B118D59DD07F6B72BBAAF5F /* Pods_ios_myinsta.framework in Frameworks */ = {isa = PBXBuildFile; fileRef = 2D893D900B2B9F450F11093C /* Pods_ios_myinsta.framework */; };
		640919DF29449291008EC6CD /* PostCell.swift in Sources */ = {isa = PBXBuildFile; fileRef = 640919DE29449291008EC6CD /* PostCell.swift */; };
		640919E2294492C9008EC6CD /* HomeFeedViewModel.swift in Sources */ = {isa = PBXBuildFile; fileRef = 640919E1294492C9008EC6CD /* HomeFeedViewModel.swift */; };
		640919E4294492E0008EC6CD /* Post.swift in Sources */ = {isa = PBXBuildFile; fileRef = 640919E3294492E0008EC6CD /* Post.swift */; };
		644E8B532943039600B0451A /* HomeScreen.swift in Sources */ = {isa = PBXBuildFile; fileRef = 644E8B522943039600B0451A /* HomeScreen.swift */; };
		644E8B56294303C000B0451A /* SessionStore.swift in Sources */ = {isa = PBXBuildFile; fileRef = 644E8B55294303C000B0451A /* SessionStore.swift */; };
		644E8B59294303E600B0451A /* User.swift in Sources */ = {isa = PBXBuildFile; fileRef = 644E8B58294303E600B0451A /* User.swift */; };
		644E8B5B294307FA00B0451A /* HomeFeedScreen.swift in Sources */ = {isa = PBXBuildFile; fileRef = 644E8B5A294307FA00B0451A /* HomeFeedScreen.swift */; };
		644E8B5D2943080800B0451A /* HomeSearchScreen.swift in Sources */ = {isa = PBXBuildFile; fileRef = 644E8B5C2943080800B0451A /* HomeSearchScreen.swift */; };
		644E8B5F2943081800B0451A /* HomeUploadScreen.swift in Sources */ = {isa = PBXBuildFile; fileRef = 644E8B5E2943081800B0451A /* HomeUploadScreen.swift */; };
		644E8B612943082100B0451A /* HomeLikesScreen.swift in Sources */ = {isa = PBXBuildFile; fileRef = 644E8B602943082100B0451A /* HomeLikesScreen.swift */; };
		644E8B632943082A00B0451A /* HomeProfileScreen.swift in Sources */ = {isa = PBXBuildFile; fileRef = 644E8B622943082A00B0451A /* HomeProfileScreen.swift */; };
		644E8B66294317B600B0451A /* Coordinator.swift in Sources */ = {isa = PBXBuildFile; fileRef = 644E8B65294317B600B0451A /* Coordinator.swift */; };
		644E8B682943188000B0451A /* ImagePickerView.swift in Sources */ = {isa = PBXBuildFile; fileRef = 644E8B672943188000B0451A /* ImagePickerView.swift */; };
		64A7CB062941A39B008EEBC8 /* ios_myinstaApp.swift in Sources */ = {isa = PBXBuildFile; fileRef = 64A7CB052941A39B008EEBC8 /* ios_myinstaApp.swift */; };
		64A7CB0A2941A39C008EEBC8 /* Assets.xcassets in Resources */ = {isa = PBXBuildFile; fileRef = 64A7CB092941A39C008EEBC8 /* Assets.xcassets */; };
		64A7CB0D2941A39C008EEBC8 /* Preview Assets.xcassets in Resources */ = {isa = PBXBuildFile; fileRef = 64A7CB0C2941A39C008EEBC8 /* Preview Assets.xcassets */; };
		64A7CB0F2941A39C008EEBC8 /* Persistence.swift in Sources */ = {isa = PBXBuildFile; fileRef = 64A7CB0E2941A39C008EEBC8 /* Persistence.swift */; };
		64A7CB122941A39C008EEBC8 /* ios_myinsta.xcdatamodeld in Sources */ = {isa = PBXBuildFile; fileRef = 64A7CB102941A39C008EEBC8 /* ios_myinsta.xcdatamodeld */; };
		64A7CB1C2941AAEB008EEBC8 /* SignInScreen.swift in Sources */ = {isa = PBXBuildFile; fileRef = 64A7CB1B2941AAEB008EEBC8 /* SignInScreen.swift */; };
		64A7CB1E2941AB06008EEBC8 /* StarterScreen.swift in Sources */ = {isa = PBXBuildFile; fileRef = 64A7CB1D2941AB06008EEBC8 /* StarterScreen.swift */; };
		64A7CB202941ABA8008EEBC8 /* Utils.swift in Sources */ = {isa = PBXBuildFile; fileRef = 64A7CB1F2941ABA8008EEBC8 /* Utils.swift */; };
		64A7CB222941B2E1008EEBC8 /* SignUpScreen.swift in Sources */ = {isa = PBXBuildFile; fileRef = 64A7CB212941B2E1008EEBC8 /* SignUpScreen.swift */; };
		64A7CB262941B518008EEBC8 /* Localizable.strings in Resources */ = {isa = PBXBuildFile; fileRef = 64A7CB282941B518008EEBC8 /* Localizable.strings */; };
		64A7CB2A2941B67A008EEBC8 /* Billabong.ttf in Resources */ = {isa = PBXBuildFile; fileRef = 64A7CB292941B64F008EEBC8 /* Billabong.ttf */; };
		64A7CB2D2941BD64008EEBC8 /* Extensions.swift in Sources */ = {isa = PBXBuildFile; fileRef = 64A7CB2C2941BD64008EEBC8 /* Extensions.swift */; };
		64C566DC2944997C00B05A73 /* HomeLikesViewModel.swift in Sources */ = {isa = PBXBuildFile; fileRef = 64C566DB2944997C00B05A73 /* HomeLikesViewModel.swift */; };
		64C566DE29449F3200B05A73 /* HomeSearchViewModel.swift in Sources */ = {isa = PBXBuildFile; fileRef = 64C566DD29449F3200B05A73 /* HomeSearchViewModel.swift */; };
		64C566E02944A0D600B05A73 /* UserCell.swift in Sources */ = {isa = PBXBuildFile; fileRef = 64C566DF2944A0D600B05A73 /* UserCell.swift */; };
		64C566E32944A53300B05A73 /* HomeProfileViewModel.swift in Sources */ = {isa = PBXBuildFile; fileRef = 64C566E22944A53300B05A73 /* HomeProfileViewModel.swift */; };
		64C566E52944AC7300B05A73 /* MyPostCell.swift in Sources */ = {isa = PBXBuildFile; fileRef = 64C566E42944AC7300B05A73 /* MyPostCell.swift */; };
		64F69AE02946F0F800C8AB6D /* GoogleService-Info.plist in Resources */ = {isa = PBXBuildFile; fileRef = 64F69ADF2946F0F800C8AB6D /* GoogleService-Info.plist */; };
		64F69AE22947009400C8AB6D /* SignInViewModel.swift in Sources */ = {isa = PBXBuildFile; fileRef = 64F69AE12947009400C8AB6D /* SignInViewModel.swift */; };
		64F69AE42947031200C8AB6D /* SignUpViewModel.swift in Sources */ = {isa = PBXBuildFile; fileRef = 64F69AE32947031200C8AB6D /* SignUpViewModel.swift */; };
		64F69AE62947317900C8AB6D /* DatabaseStore.swift in Sources */ = {isa = PBXBuildFile; fileRef = 64F69AE52947317900C8AB6D /* DatabaseStore.swift */; };
		64F69AE929473A7900C8AB6D /* StorageStore.swift in Sources */ = {isa = PBXBuildFile; fileRef = 64F69AE829473A7900C8AB6D /* StorageStore.swift */; };
/* End PBXBuildFile section */

/* Begin PBXFileReference section */
		2D893D900B2B9F450F11093C /* Pods_ios_myinsta.framework */ = {isa = PBXFileReference; explicitFileType = wrapper.framework; includeInIndex = 0; path = Pods_ios_myinsta.framework; sourceTree = BUILT_PRODUCTS_DIR; };
		573D421A26D28EB421C5FAAA /* Pods-ios-myinsta.release.xcconfig */ = {isa = PBXFileReference; includeInIndex = 1; lastKnownFileType = text.xcconfig; name = "Pods-ios-myinsta.release.xcconfig"; path = "Target Support Files/Pods-ios-myinsta/Pods-ios-myinsta.release.xcconfig"; sourceTree = "<group>"; };
		640919DE29449291008EC6CD /* PostCell.swift */ = {isa = PBXFileReference; lastKnownFileType = sourcecode.swift; path = PostCell.swift; sourceTree = "<group>"; };
		640919E1294492C9008EC6CD /* HomeFeedViewModel.swift */ = {isa = PBXFileReference; lastKnownFileType = sourcecode.swift; path = HomeFeedViewModel.swift; sourceTree = "<group>"; };
		640919E3294492E0008EC6CD /* Post.swift */ = {isa = PBXFileReference; lastKnownFileType = sourcecode.swift; path = Post.swift; sourceTree = "<group>"; };
		644E8B522943039600B0451A /* HomeScreen.swift */ = {isa = PBXFileReference; lastKnownFileType = sourcecode.swift; path = HomeScreen.swift; sourceTree = "<group>"; };
		644E8B55294303C000B0451A /* SessionStore.swift */ = {isa = PBXFileReference; lastKnownFileType = sourcecode.swift; path = SessionStore.swift; sourceTree = "<group>"; };
		644E8B58294303E600B0451A /* User.swift */ = {isa = PBXFileReference; lastKnownFileType = sourcecode.swift; path = User.swift; sourceTree = "<group>"; };
		644E8B5A294307FA00B0451A /* HomeFeedScreen.swift */ = {isa = PBXFileReference; lastKnownFileType = sourcecode.swift; path = HomeFeedScreen.swift; sourceTree = "<group>"; };
		644E8B5C2943080800B0451A /* HomeSearchScreen.swift */ = {isa = PBXFileReference; lastKnownFileType = sourcecode.swift; path = HomeSearchScreen.swift; sourceTree = "<group>"; };
		644E8B5E2943081800B0451A /* HomeUploadScreen.swift */ = {isa = PBXFileReference; lastKnownFileType = sourcecode.swift; path = HomeUploadScreen.swift; sourceTree = "<group>"; };
		644E8B602943082100B0451A /* HomeLikesScreen.swift */ = {isa = PBXFileReference; lastKnownFileType = sourcecode.swift; path = HomeLikesScreen.swift; sourceTree = "<group>"; };
		644E8B622943082A00B0451A /* HomeProfileScreen.swift */ = {isa = PBXFileReference; lastKnownFileType = sourcecode.swift; path = HomeProfileScreen.swift; sourceTree = "<group>"; };
		644E8B65294317B600B0451A /* Coordinator.swift */ = {isa = PBXFileReference; lastKnownFileType = sourcecode.swift; path = Coordinator.swift; sourceTree = "<group>"; };
		644E8B672943188000B0451A /* ImagePickerView.swift */ = {isa = PBXFileReference; lastKnownFileType = sourcecode.swift; path = ImagePickerView.swift; sourceTree = "<group>"; };
		64A7CB022941A39B008EEBC8 /* ios-myinsta.app */ = {isa = PBXFileReference; explicitFileType = wrapper.application; includeInIndex = 0; path = "ios-myinsta.app"; sourceTree = BUILT_PRODUCTS_DIR; };
		64A7CB052941A39B008EEBC8 /* ios_myinstaApp.swift */ = {isa = PBXFileReference; lastKnownFileType = sourcecode.swift; path = ios_myinstaApp.swift; sourceTree = "<group>"; };
		64A7CB092941A39C008EEBC8 /* Assets.xcassets */ = {isa = PBXFileReference; lastKnownFileType = folder.assetcatalog; path = Assets.xcassets; sourceTree = "<group>"; };
		64A7CB0C2941A39C008EEBC8 /* Preview Assets.xcassets */ = {isa = PBXFileReference; lastKnownFileType = folder.assetcatalog; path = "Preview Assets.xcassets"; sourceTree = "<group>"; };
		64A7CB0E2941A39C008EEBC8 /* Persistence.swift */ = {isa = PBXFileReference; lastKnownFileType = sourcecode.swift; path = Persistence.swift; sourceTree = "<group>"; };
		64A7CB112941A39C008EEBC8 /* ios_myinsta.xcdatamodel */ = {isa = PBXFileReference; lastKnownFileType = wrapper.xcdatamodel; path = ios_myinsta.xcdatamodel; sourceTree = "<group>"; };
		64A7CB1B2941AAEB008EEBC8 /* SignInScreen.swift */ = {isa = PBXFileReference; lastKnownFileType = sourcecode.swift; path = SignInScreen.swift; sourceTree = "<group>"; };
		64A7CB1D2941AB06008EEBC8 /* StarterScreen.swift */ = {isa = PBXFileReference; lastKnownFileType = sourcecode.swift; path = StarterScreen.swift; sourceTree = "<group>"; };
		64A7CB1F2941ABA8008EEBC8 /* Utils.swift */ = {isa = PBXFileReference; lastKnownFileType = sourcecode.swift; path = Utils.swift; sourceTree = "<group>"; };
		64A7CB212941B2E1008EEBC8 /* SignUpScreen.swift */ = {isa = PBXFileReference; lastKnownFileType = sourcecode.swift; path = SignUpScreen.swift; sourceTree = "<group>"; };
		64A7CB272941B518008EEBC8 /* en */ = {isa = PBXFileReference; lastKnownFileType = text.plist.strings; name = en; path = en.lproj/Localizable.strings; sourceTree = "<group>"; };
		64A7CB292941B64F008EEBC8 /* Billabong.ttf */ = {isa = PBXFileReference; lastKnownFileType = file; path = Billabong.ttf; sourceTree = "<group>"; };
		64A7CB2B2941B6D3008EEBC8 /* Info.plist */ = {isa = PBXFileReference; lastKnownFileType = text.plist; path = Info.plist; sourceTree = "<group>"; };
		64A7CB2C2941BD64008EEBC8 /* Extensions.swift */ = {isa = PBXFileReference; lastKnownFileType = sourcecode.swift; path = Extensions.swift; sourceTree = "<group>"; };
		64C566DB2944997C00B05A73 /* HomeLikesViewModel.swift */ = {isa = PBXFileReference; lastKnownFileType = sourcecode.swift; path = HomeLikesViewModel.swift; sourceTree = "<group>"; };
		64C566DD29449F3200B05A73 /* HomeSearchViewModel.swift */ = {isa = PBXFileReference; lastKnownFileType = sourcecode.swift; path = HomeSearchViewModel.swift; sourceTree = "<group>"; };
		64C566DF2944A0D600B05A73 /* UserCell.swift */ = {isa = PBXFileReference; lastKnownFileType = sourcecode.swift; path = UserCell.swift; sourceTree = "<group>"; };
		64C566E22944A53300B05A73 /* HomeProfileViewModel.swift */ = {isa = PBXFileReference; lastKnownFileType = sourcecode.swift; path = HomeProfileViewModel.swift; sourceTree = "<group>"; };
		64C566E42944AC7300B05A73 /* MyPostCell.swift */ = {isa = PBXFileReference; lastKnownFileType = sourcecode.swift; path = MyPostCell.swift; sourceTree = "<group>"; };
		64F69ADF2946F0F800C8AB6D /* GoogleService-Info.plist */ = {isa = PBXFileReference; fileEncoding = 4; lastKnownFileType = text.plist.xml; path = "GoogleService-Info.plist"; sourceTree = "<group>"; };
		64F69AE12947009400C8AB6D /* SignInViewModel.swift */ = {isa = PBXFileReference; lastKnownFileType = sourcecode.swift; path = SignInViewModel.swift; sourceTree = "<group>"; };
		64F69AE32947031200C8AB6D /* SignUpViewModel.swift */ = {isa = PBXFileReference; lastKnownFileType = sourcecode.swift; path = SignUpViewModel.swift; sourceTree = "<group>"; };
		64F69AE52947317900C8AB6D /* DatabaseStore.swift */ = {isa = PBXFileReference; lastKnownFileType = sourcecode.swift; path = DatabaseStore.swift; sourceTree = "<group>"; };
		64F69AE829473A7900C8AB6D /* StorageStore.swift */ = {isa = PBXFileReference; lastKnownFileType = sourcecode.swift; path = StorageStore.swift; sourceTree = "<group>"; };
		7A174EBD20BD789B4556686E /* Pods-ios-myinsta.debug.xcconfig */ = {isa = PBXFileReference; includeInIndex = 1; lastKnownFileType = text.xcconfig; name = "Pods-ios-myinsta.debug.xcconfig"; path = "Target Support Files/Pods-ios-myinsta/Pods-ios-myinsta.debug.xcconfig"; sourceTree = "<group>"; };
/* End PBXFileReference section */

/* Begin PBXFrameworksBuildPhase section */
		64A7CAFF2941A39B008EEBC8 /* Frameworks */ = {
			isa = PBXFrameworksBuildPhase;
			buildActionMask = 2147483647;
			files = (
				4B118D59DD07F6B72BBAAF5F /* Pods_ios_myinsta.framework in Frameworks */,
			);
			runOnlyForDeploymentPostprocessing = 0;
		};
/* End PBXFrameworksBuildPhase section */

/* Begin PBXGroup section */
		640919DD2944924C008EC6CD /* cell */ = {
			isa = PBXGroup;
			children = (
				640919DE29449291008EC6CD /* PostCell.swift */,
				64C566DF2944A0D600B05A73 /* UserCell.swift */,
				64C566E42944AC7300B05A73 /* MyPostCell.swift */,
			);
			path = cell;
			sourceTree = "<group>";
		};
		640919E0294492AF008EC6CD /* viewmodel */ = {
			isa = PBXGroup;
			children = (
				640919E1294492C9008EC6CD /* HomeFeedViewModel.swift */,
				64C566DB2944997C00B05A73 /* HomeLikesViewModel.swift */,
				64C566DD29449F3200B05A73 /* HomeSearchViewModel.swift */,
				64C566E22944A53300B05A73 /* HomeProfileViewModel.swift */,
				64F69AE12947009400C8AB6D /* SignInViewModel.swift */,
				64F69AE32947031200C8AB6D /* SignUpViewModel.swift */,
			);
			path = viewmodel;
			sourceTree = "<group>";
		};
		644E8B54294303B500B0451A /* Firebase */ = {
			isa = PBXGroup;
			children = (
				644E8B55294303C000B0451A /* SessionStore.swift */,
				64F69AE52947317900C8AB6D /* DatabaseStore.swift */,
				64F69AE829473A7900C8AB6D /* StorageStore.swift */,
			);
			path = Firebase;
			sourceTree = "<group>";
		};
		644E8B642943083100B0451A /* home_screens */ = {
			isa = PBXGroup;
			children = (
				644E8B5A294307FA00B0451A /* HomeFeedScreen.swift */,
				644E8B5C2943080800B0451A /* HomeSearchScreen.swift */,
				644E8B5E2943081800B0451A /* HomeUploadScreen.swift */,
				644E8B602943082100B0451A /* HomeLikesScreen.swift */,
				644E8B622943082A00B0451A /* HomeProfileScreen.swift */,
			);
			path = home_screens;
			sourceTree = "<group>";
		};
		64A7CAF92941A39B008EEBC8 = {
			isa = PBXGroup;
			children = (
				64A7CB042941A39B008EEBC8 /* ios-myinsta */,
				64A7CB032941A39B008EEBC8 /* Products */,
				965064ACD6E15BC909B66E9F /* Pods */,
				682FD60045486264D198E45C /* Frameworks */,
			);
			sourceTree = "<group>";
		};
		64A7CB032941A39B008EEBC8 /* Products */ = {
			isa = PBXGroup;
			children = (
				64A7CB022941A39B008EEBC8 /* ios-myinsta.app */,
			);
			name = Products;
			sourceTree = "<group>";
		};
		64A7CB042941A39B008EEBC8 /* ios-myinsta */ = {
			isa = PBXGroup;
			children = (
				640919E0294492AF008EC6CD /* viewmodel */,
				64A7CB182941AAC8008EEBC8 /* screens */,
				640919DD2944924C008EC6CD /* cell */,
				64A7CB1A2941AAD9008EEBC8 /* model */,
				644E8B54294303B500B0451A /* Firebase */,
				64A7CB192941AACD008EEBC8 /* utils */,
				64A7CB232941B4DC008EEBC8 /* apputils */,
				64A7CB052941A39B008EEBC8 /* ios_myinstaApp.swift */,
				64A7CB092941A39C008EEBC8 /* Assets.xcassets */,
				64A7CB0E2941A39C008EEBC8 /* Persistence.swift */,
				64A7CB102941A39C008EEBC8 /* ios_myinsta.xcdatamodeld */,
				64A7CB2B2941B6D3008EEBC8 /* Info.plist */,
				64F69ADF2946F0F800C8AB6D /* GoogleService-Info.plist */,
				64A7CB0B2941A39C008EEBC8 /* Preview Content */,
			);
			path = "ios-myinsta";
			sourceTree = "<group>";
		};
		64A7CB0B2941A39C008EEBC8 /* Preview Content */ = {
			isa = PBXGroup;
			children = (
				64A7CB0C2941A39C008EEBC8 /* Preview Assets.xcassets */,
			);
			path = "Preview Content";
			sourceTree = "<group>";
		};
		64A7CB182941AAC8008EEBC8 /* screens */ = {
			isa = PBXGroup;
			children = (
				644E8B642943083100B0451A /* home_screens */,
				64A7CB1B2941AAEB008EEBC8 /* SignInScreen.swift */,
				64A7CB1D2941AB06008EEBC8 /* StarterScreen.swift */,
				64A7CB212941B2E1008EEBC8 /* SignUpScreen.swift */,
				644E8B522943039600B0451A /* HomeScreen.swift */,
			);
			path = screens;
			sourceTree = "<group>";
		};
		64A7CB192941AACD008EEBC8 /* utils */ = {
			isa = PBXGroup;
			children = (
				64A7CB1F2941ABA8008EEBC8 /* Utils.swift */,
				64A7CB2C2941BD64008EEBC8 /* Extensions.swift */,
				644E8B65294317B600B0451A /* Coordinator.swift */,
				644E8B672943188000B0451A /* ImagePickerView.swift */,
			);
			path = utils;
			sourceTree = "<group>";
		};
		64A7CB1A2941AAD9008EEBC8 /* model */ = {
			isa = PBXGroup;
			children = (
				644E8B58294303E600B0451A /* User.swift */,
				640919E3294492E0008EC6CD /* Post.swift */,
			);
			path = model;
			sourceTree = "<group>";
		};
		64A7CB232941B4DC008EEBC8 /* apputils */ = {
			isa = PBXGroup;
			children = (
				64A7CB292941B64F008EEBC8 /* Billabong.ttf */,
				64A7CB282941B518008EEBC8 /* Localizable.strings */,
			);
			path = apputils;
			sourceTree = "<group>";
		};
		682FD60045486264D198E45C /* Frameworks */ = {
			isa = PBXGroup;
			children = (
				2D893D900B2B9F450F11093C /* Pods_ios_myinsta.framework */,
			);
			name = Frameworks;
			sourceTree = "<group>";
		};
		965064ACD6E15BC909B66E9F /* Pods */ = {
			isa = PBXGroup;
			children = (
				7A174EBD20BD789B4556686E /* Pods-ios-myinsta.debug.xcconfig */,
				573D421A26D28EB421C5FAAA /* Pods-ios-myinsta.release.xcconfig */,
			);
			path = Pods;
			sourceTree = "<group>";
		};
/* End PBXGroup section */

/* Begin PBXNativeTarget section */
		64A7CB012941A39B008EEBC8 /* ios-myinsta */ = {
			isa = PBXNativeTarget;
			buildConfigurationList = 64A7CB152941A39C008EEBC8 /* Build configuration list for PBXNativeTarget "ios-myinsta" */;
			buildPhases = (
				32CF6A692AF2518947116706 /* [CP] Check Pods Manifest.lock */,
				64A7CAFE2941A39B008EEBC8 /* Sources */,
				64A7CAFF2941A39B008EEBC8 /* Frameworks */,
				64A7CB002941A39B008EEBC8 /* Resources */,
				946E551570488D3C1EC41171 /* [CP] Embed Pods Frameworks */,
			);
			buildRules = (
			);
			dependencies = (
			);
			name = "ios-myinsta";
			productName = "ios-myinsta";
			productReference = 64A7CB022941A39B008EEBC8 /* ios-myinsta.app */;
			productType = "com.apple.product-type.application";
		};
/* End PBXNativeTarget section */

/* Begin PBXProject section */
		64A7CAFA2941A39B008EEBC8 /* Project object */ = {
			isa = PBXProject;
			attributes = {
				BuildIndependentTargetsInParallel = 1;
				LastSwiftUpdateCheck = 1410;
				LastUpgradeCheck = 1410;
				TargetAttributes = {
					64A7CB012941A39B008EEBC8 = {
						CreatedOnToolsVersion = 14.1;
					};
				};
			};
			buildConfigurationList = 64A7CAFD2941A39B008EEBC8 /* Build configuration list for PBXProject "ios-myinsta" */;
			compatibilityVersion = "Xcode 14.0";
			developmentRegion = en;
			hasScannedForEncodings = 0;
			knownRegions = (
				en,
				Base,
			);
			mainGroup = 64A7CAF92941A39B008EEBC8;
			productRefGroup = 64A7CB032941A39B008EEBC8 /* Products */;
			projectDirPath = "";
			projectRoot = "";
			targets = (
				64A7CB012941A39B008EEBC8 /* ios-myinsta */,
			);
		};
/* End PBXProject section */

/* Begin PBXResourcesBuildPhase section */
		64A7CB002941A39B008EEBC8 /* Resources */ = {
			isa = PBXResourcesBuildPhase;
			buildActionMask = 2147483647;
			files = (
				64A7CB0D2941A39C008EEBC8 /* Preview Assets.xcassets in Resources */,
				64A7CB262941B518008EEBC8 /* Localizable.strings in Resources */,
				64F69AE02946F0F800C8AB6D /* GoogleService-Info.plist in Resources */,
				64A7CB0A2941A39C008EEBC8 /* Assets.xcassets in Resources */,
				64A7CB2A2941B67A008EEBC8 /* Billabong.ttf in Resources */,
			);
			runOnlyForDeploymentPostprocessing = 0;
		};
/* End PBXResourcesBuildPhase section */

/* Begin PBXShellScriptBuildPhase section */
		32CF6A692AF2518947116706 /* [CP] Check Pods Manifest.lock */ = {
			isa = PBXShellScriptBuildPhase;
			buildActionMask = 2147483647;
			files = (
			);
			inputFileListPaths = (
			);
			inputPaths = (
				"${PODS_PODFILE_DIR_PATH}/Podfile.lock",
				"${PODS_ROOT}/Manifest.lock",
			);
			name = "[CP] Check Pods Manifest.lock";
			outputFileListPaths = (
			);
			outputPaths = (
				"$(DERIVED_FILE_DIR)/Pods-ios-myinsta-checkManifestLockResult.txt",
			);
			runOnlyForDeploymentPostprocessing = 0;
			shellPath = /bin/sh;
			shellScript = "diff \"${PODS_PODFILE_DIR_PATH}/Podfile.lock\" \"${PODS_ROOT}/Manifest.lock\" > /dev/null\nif [ $? != 0 ] ; then\n    # print error to STDERR\n    echo \"error: The sandbox is not in sync with the Podfile.lock. Run 'pod install' or update your CocoaPods installation.\" >&2\n    exit 1\nfi\n# This output is used by Xcode 'outputs' to avoid re-running this script phase.\necho \"SUCCESS\" > \"${SCRIPT_OUTPUT_FILE_0}\"\n";
			showEnvVarsInLog = 0;
		};
		946E551570488D3C1EC41171 /* [CP] Embed Pods Frameworks */ = {
			isa = PBXShellScriptBuildPhase;
			buildActionMask = 2147483647;
			files = (
			);
			inputFileListPaths = (
				"${PODS_ROOT}/Target Support Files/Pods-ios-myinsta/Pods-ios-myinsta-frameworks-${CONFIGURATION}-input-files.xcfilelist",
			);
			name = "[CP] Embed Pods Frameworks";
			outputFileListPaths = (
				"${PODS_ROOT}/Target Support Files/Pods-ios-myinsta/Pods-ios-myinsta-frameworks-${CONFIGURATION}-output-files.xcfilelist",
			);
			runOnlyForDeploymentPostprocessing = 0;
			shellPath = /bin/sh;
			shellScript = "\"${PODS_ROOT}/Target Support Files/Pods-ios-myinsta/Pods-ios-myinsta-frameworks.sh\"\n";
			showEnvVarsInLog = 0;
		};
/* End PBXShellScriptBuildPhase section */

/* Begin PBXSourcesBuildPhase section */
		64A7CAFE2941A39B008EEBC8 /* Sources */ = {
			isa = PBXSourcesBuildPhase;
			buildActionMask = 2147483647;
			files = (
				64A7CB0F2941A39C008EEBC8 /* Persistence.swift in Sources */,
				644E8B532943039600B0451A /* HomeScreen.swift in Sources */,
				64C566DC2944997C00B05A73 /* HomeLikesViewModel.swift in Sources */,
				64F69AE62947317900C8AB6D /* DatabaseStore.swift in Sources */,
				64A7CB1C2941AAEB008EEBC8 /* SignInScreen.swift in Sources */,
				64A7CB222941B2E1008EEBC8 /* SignUpScreen.swift in Sources */,
				644E8B682943188000B0451A /* ImagePickerView.swift in Sources */,
				64F69AE42947031200C8AB6D /* SignUpViewModel.swift in Sources */,
				644E8B5D2943080800B0451A /* HomeSearchScreen.swift in Sources */,
				644E8B5F2943081800B0451A /* HomeUploadScreen.swift in Sources */,
				64C566E02944A0D600B05A73 /* UserCell.swift in Sources */,
				64F69AE929473A7900C8AB6D /* StorageStore.swift in Sources */,
				640919E2294492C9008EC6CD /* HomeFeedViewModel.swift in Sources */,
				64A7CB2D2941BD64008EEBC8 /* Extensions.swift in Sources */,
				64A7CB062941A39B008EEBC8 /* ios_myinstaApp.swift in Sources */,
				644E8B56294303C000B0451A /* SessionStore.swift in Sources */,
				64A7CB122941A39C008EEBC8 /* ios_myinsta.xcdatamodeld in Sources */,
				640919E4294492E0008EC6CD /* Post.swift in Sources */,
				64C566E52944AC7300B05A73 /* MyPostCell.swift in Sources */,
				644E8B66294317B600B0451A /* Coordinator.swift in Sources */,
				640919DF29449291008EC6CD /* PostCell.swift in Sources */,
				644E8B5B294307FA00B0451A /* HomeFeedScreen.swift in Sources */,
				64A7CB1E2941AB06008EEBC8 /* StarterScreen.swift in Sources */,
				644E8B632943082A00B0451A /* HomeProfileScreen.swift in Sources */,
				64A7CB202941ABA8008EEBC8 /* Utils.swift in Sources */,
				644E8B59294303E600B0451A /* User.swift in Sources */,
				64F69AE22947009400C8AB6D /* SignInViewModel.swift in Sources */,
				64C566E32944A53300B05A73 /* HomeProfileViewModel.swift in Sources */,
				64C566DE29449F3200B05A73 /* HomeSearchViewModel.swift in Sources */,
				644E8B612943082100B0451A /* HomeLikesScreen.swift in Sources */,
			);
			runOnlyForDeploymentPostprocessing = 0;
		};
/* End PBXSourcesBuildPhase section */

/* Begin PBXVariantGroup section */
		64A7CB282941B518008EEBC8 /* Localizable.strings */ = {
			isa = PBXVariantGroup;
			children = (
				64A7CB272941B518008EEBC8 /* en */,
			);
			name = Localizable.strings;
			sourceTree = "<group>";
		};
/* End PBXVariantGroup section */

/* Begin XCBuildConfiguration section */
		64A7CB132941A39C008EEBC8 /* Debug */ = {
			isa = XCBuildConfiguration;
			buildSettings = {
				ALWAYS_SEARCH_USER_PATHS = NO;
				CLANG_ANALYZER_NONNULL = YES;
				CLANG_ANALYZER_NUMBER_OBJECT_CONVERSION = YES_AGGRESSIVE;
				CLANG_CXX_LANGUAGE_STANDARD = "gnu++20";
				CLANG_ENABLE_MODULES = YES;
				CLANG_ENABLE_OBJC_ARC = YES;
				CLANG_ENABLE_OBJC_WEAK = YES;
				CLANG_WARN_BLOCK_CAPTURE_AUTORELEASING = YES;
				CLANG_WARN_BOOL_CONVERSION = YES;
				CLANG_WARN_COMMA = YES;
				CLANG_WARN_CONSTANT_CONVERSION = YES;
				CLANG_WARN_DEPRECATED_OBJC_IMPLEMENTATIONS = YES;
				CLANG_WARN_DIRECT_OBJC_ISA_USAGE = YES_ERROR;
				CLANG_WARN_DOCUMENTATION_COMMENTS = YES;
				CLANG_WARN_EMPTY_BODY = YES;
				CLANG_WARN_ENUM_CONVERSION = YES;
				CLANG_WARN_INFINITE_RECURSION = YES;
				CLANG_WARN_INT_CONVERSION = YES;
				CLANG_WARN_NON_LITERAL_NULL_CONVERSION = YES;
				CLANG_WARN_OBJC_IMPLICIT_RETAIN_SELF = YES;
				CLANG_WARN_OBJC_LITERAL_CONVERSION = YES;
				CLANG_WARN_OBJC_ROOT_CLASS = YES_ERROR;
				CLANG_WARN_QUOTED_INCLUDE_IN_FRAMEWORK_HEADER = YES;
				CLANG_WARN_RANGE_LOOP_ANALYSIS = YES;
				CLANG_WARN_STRICT_PROTOTYPES = YES;
				CLANG_WARN_SUSPICIOUS_MOVE = YES;
				CLANG_WARN_UNGUARDED_AVAILABILITY = YES_AGGRESSIVE;
				CLANG_WARN_UNREACHABLE_CODE = YES;
				CLANG_WARN__DUPLICATE_METHOD_MATCH = YES;
				COPY_PHASE_STRIP = NO;
				DEBUG_INFORMATION_FORMAT = dwarf;
				ENABLE_STRICT_OBJC_MSGSEND = YES;
				ENABLE_TESTABILITY = YES;
				GCC_C_LANGUAGE_STANDARD = gnu11;
				GCC_DYNAMIC_NO_PIC = NO;
				GCC_NO_COMMON_BLOCKS = YES;
				GCC_OPTIMIZATION_LEVEL = 0;
				GCC_PREPROCESSOR_DEFINITIONS = (
					"DEBUG=1",
					"$(inherited)",
				);
				GCC_WARN_64_TO_32_BIT_CONVERSION = YES;
				GCC_WARN_ABOUT_RETURN_TYPE = YES_ERROR;
				GCC_WARN_UNDECLARED_SELECTOR = YES;
				GCC_WARN_UNINITIALIZED_AUTOS = YES_AGGRESSIVE;
				GCC_WARN_UNUSED_FUNCTION = YES;
				GCC_WARN_UNUSED_VARIABLE = YES;
				IPHONEOS_DEPLOYMENT_TARGET = 16.1;
				MTL_ENABLE_DEBUG_INFO = INCLUDE_SOURCE;
				MTL_FAST_MATH = YES;
				ONLY_ACTIVE_ARCH = YES;
				SDKROOT = iphoneos;
				SWIFT_ACTIVE_COMPILATION_CONDITIONS = DEBUG;
				SWIFT_OPTIMIZATION_LEVEL = "-Onone";
			};
			name = Debug;
		};
		64A7CB142941A39C008EEBC8 /* Release */ = {
			isa = XCBuildConfiguration;
			buildSettings = {
				ALWAYS_SEARCH_USER_PATHS = NO;
				CLANG_ANALYZER_NONNULL = YES;
				CLANG_ANALYZER_NUMBER_OBJECT_CONVERSION = YES_AGGRESSIVE;
				CLANG_CXX_LANGUAGE_STANDARD = "gnu++20";
				CLANG_ENABLE_MODULES = YES;
				CLANG_ENABLE_OBJC_ARC = YES;
				CLANG_ENABLE_OBJC_WEAK = YES;
				CLANG_WARN_BLOCK_CAPTURE_AUTORELEASING = YES;
				CLANG_WARN_BOOL_CONVERSION = YES;
				CLANG_WARN_COMMA = YES;
				CLANG_WARN_CONSTANT_CONVERSION = YES;
				CLANG_WARN_DEPRECATED_OBJC_IMPLEMENTATIONS = YES;
				CLANG_WARN_DIRECT_OBJC_ISA_USAGE = YES_ERROR;
				CLANG_WARN_DOCUMENTATION_COMMENTS = YES;
				CLANG_WARN_EMPTY_BODY = YES;
				CLANG_WARN_ENUM_CONVERSION = YES;
				CLANG_WARN_INFINITE_RECURSION = YES;
				CLANG_WARN_INT_CONVERSION = YES;
				CLANG_WARN_NON_LITERAL_NULL_CONVERSION = YES;
				CLANG_WARN_OBJC_IMPLICIT_RETAIN_SELF = YES;
				CLANG_WARN_OBJC_LITERAL_CONVERSION = YES;
				CLANG_WARN_OBJC_ROOT_CLASS = YES_ERROR;
				CLANG_WARN_QUOTED_INCLUDE_IN_FRAMEWORK_HEADER = YES;
				CLANG_WARN_RANGE_LOOP_ANALYSIS = YES;
				CLANG_WARN_STRICT_PROTOTYPES = YES;
				CLANG_WARN_SUSPICIOUS_MOVE = YES;
				CLANG_WARN_UNGUARDED_AVAILABILITY = YES_AGGRESSIVE;
				CLANG_WARN_UNREACHABLE_CODE = YES;
				CLANG_WARN__DUPLICATE_METHOD_MATCH = YES;
				COPY_PHASE_STRIP = NO;
				DEBUG_INFORMATION_FORMAT = "dwarf-with-dsym";
				ENABLE_NS_ASSERTIONS = NO;
				ENABLE_STRICT_OBJC_MSGSEND = YES;
				GCC_C_LANGUAGE_STANDARD = gnu11;
				GCC_NO_COMMON_BLOCKS = YES;
				GCC_WARN_64_TO_32_BIT_CONVERSION = YES;
				GCC_WARN_ABOUT_RETURN_TYPE = YES_ERROR;
				GCC_WARN_UNDECLARED_SELECTOR = YES;
				GCC_WARN_UNINITIALIZED_AUTOS = YES_AGGRESSIVE;
				GCC_WARN_UNUSED_FUNCTION = YES;
				GCC_WARN_UNUSED_VARIABLE = YES;
				IPHONEOS_DEPLOYMENT_TARGET = 16.1;
				MTL_ENABLE_DEBUG_INFO = NO;
				MTL_FAST_MATH = YES;
				SDKROOT = iphoneos;
				SWIFT_COMPILATION_MODE = wholemodule;
				SWIFT_OPTIMIZATION_LEVEL = "-O";
				VALIDATE_PRODUCT = YES;
			};
			name = Release;
		};
		64A7CB162941A39C008EEBC8 /* Debug */ = {
			isa = XCBuildConfiguration;
			baseConfigurationReference = 7A174EBD20BD789B4556686E /* Pods-ios-myinsta.debug.xcconfig */;
			buildSettings = {
				ASSETCATALOG_COMPILER_APPICON_NAME = AppIcon;
				ASSETCATALOG_COMPILER_GLOBAL_ACCENT_COLOR_NAME = AccentColor;
				CODE_SIGN_STYLE = Automatic;
				CURRENT_PROJECT_VERSION = 1;
				DEVELOPMENT_ASSET_PATHS = "\"ios-myinsta/Preview Content\"";
				DEVELOPMENT_TEAM = 6K7DDF9TZ3;
				ENABLE_PREVIEWS = YES;
				GENERATE_INFOPLIST_FILE = YES;
				INFOPLIST_FILE = "ios-myinsta/Info.plist";
				INFOPLIST_KEY_UIApplicationSceneManifest_Generation = YES;
				INFOPLIST_KEY_UIApplicationSupportsIndirectInputEvents = YES;
				INFOPLIST_KEY_UILaunchScreen_Generation = YES;
				INFOPLIST_KEY_UISupportedInterfaceOrientations_iPad = "UIInterfaceOrientationPortrait UIInterfaceOrientationPortraitUpsideDown UIInterfaceOrientationLandscapeLeft UIInterfaceOrientationLandscapeRight";
				INFOPLIST_KEY_UISupportedInterfaceOrientations_iPhone = "UIInterfaceOrientationPortrait UIInterfaceOrientationLandscapeLeft UIInterfaceOrientationLandscapeRight";
				LD_RUNPATH_SEARCH_PATHS = (
					"$(inherited)",
					"@executable_path/Frameworks",
				);
				MARKETING_VERSION = 1.0;
				PRODUCT_BUNDLE_IDENTIFIER = "dev.ogabek.ios-myinsta";
				PRODUCT_NAME = "$(TARGET_NAME)";
				SWIFT_EMIT_LOC_STRINGS = YES;
				SWIFT_VERSION = 5.0;
				TARGETED_DEVICE_FAMILY = "1,2";
			};
			name = Debug;
		};
		64A7CB172941A39C008EEBC8 /* Release */ = {
			isa = XCBuildConfiguration;
			baseConfigurationReference = 573D421A26D28EB421C5FAAA /* Pods-ios-myinsta.release.xcconfig */;
			buildSettings = {
				ASSETCATALOG_COMPILER_APPICON_NAME = AppIcon;
				ASSETCATALOG_COMPILER_GLOBAL_ACCENT_COLOR_NAME = AccentColor;
				CODE_SIGN_STYLE = Automatic;
				CURRENT_PROJECT_VERSION = 1;
				DEVELOPMENT_ASSET_PATHS = "\"ios-myinsta/Preview Content\"";
				DEVELOPMENT_TEAM = 6K7DDF9TZ3;
				ENABLE_PREVIEWS = YES;
				GENERATE_INFOPLIST_FILE = YES;
				INFOPLIST_FILE = "ios-myinsta/Info.plist";
				INFOPLIST_KEY_UIApplicationSceneManifest_Generation = YES;
				INFOPLIST_KEY_UIApplicationSupportsIndirectInputEvents = YES;
				INFOPLIST_KEY_UILaunchScreen_Generation = YES;
				INFOPLIST_KEY_UISupportedInterfaceOrientations_iPad = "UIInterfaceOrientationPortrait UIInterfaceOrientationPortraitUpsideDown UIInterfaceOrientationLandscapeLeft UIInterfaceOrientationLandscapeRight";
				INFOPLIST_KEY_UISupportedInterfaceOrientations_iPhone = "UIInterfaceOrientationPortrait UIInterfaceOrientationLandscapeLeft UIInterfaceOrientationLandscapeRight";
				LD_RUNPATH_SEARCH_PATHS = (
					"$(inherited)",
					"@executable_path/Frameworks",
				);
				MARKETING_VERSION = 1.0;
				PRODUCT_BUNDLE_IDENTIFIER = "dev.ogabek.ios-myinsta";
				PRODUCT_NAME = "$(TARGET_NAME)";
				SWIFT_EMIT_LOC_STRINGS = YES;
				SWIFT_VERSION = 5.0;
				TARGETED_DEVICE_FAMILY = "1,2";
			};
			name = Release;
		};
/* End XCBuildConfiguration section */

/* Begin XCConfigurationList section */
		64A7CAFD2941A39B008EEBC8 /* Build configuration list for PBXProject "ios-myinsta" */ = {
			isa = XCConfigurationList;
			buildConfigurations = (
				64A7CB132941A39C008EEBC8 /* Debug */,
				64A7CB142941A39C008EEBC8 /* Release */,
			);
			defaultConfigurationIsVisible = 0;
			defaultConfigurationName = Release;
		};
		64A7CB152941A39C008EEBC8 /* Build configuration list for PBXNativeTarget "ios-myinsta" */ = {
			isa = XCConfigurationList;
			buildConfigurations = (
				64A7CB162941A39C008EEBC8 /* Debug */,
				64A7CB172941A39C008EEBC8 /* Release */,
			);
			defaultConfigurationIsVisible = 0;
			defaultConfigurationName = Release;
		};
/* End XCConfigurationList section */

/* Begin XCVersionGroup section */
		64A7CB102941A39C008EEBC8 /* ios_myinsta.xcdatamodeld */ = {
			isa = XCVersionGroup;
			children = (
				64A7CB112941A39C008EEBC8 /* ios_myinsta.xcdatamodel */,
			);
			currentVersion = 64A7CB112941A39C008EEBC8 /* ios_myinsta.xcdatamodel */;
			path = ios_myinsta.xcdatamodeld;
			sourceTree = "<group>";
			versionGroupType = wrapper.xcdatamodel;
		};
/* End XCVersionGroup section */
	};
	rootObject = 64A7CAFA2941A39B008EEBC8 /* Project object */;
}
